
Microsoft Visual Studio Solution File, Format Version 12.00
# Visual Studio Version 17
VisualStudioVersion = 17.13.35913.81 d17.13
MinimumVisualStudioVersion = 10.0.40219.1
Project("{FAE04EC0-301F-11D3-BF4B-00C04F79EFBC}") = "TSVFile", "TSVFile\TSVFile.csproj", "{EC6C08FF-0BF1-40DB-9BF8-8AC60A311BB0}"
EndProject
Global
	GlobalSection(SolutionConfigurationPlatforms) = preSolution
		Debug|Any CPU = Debug|Any CPU
		Release|Any CPU = Release|Any CPU
	EndGlobalSection
	GlobalSection(ProjectConfigurationPlatforms) = postSolution
		{EC6C08FF-0BF1-40DB-9BF8-8AC60A311BB0}.Debug|Any CPU.ActiveCfg = Debug|Any CPU
		{EC6C08FF-0BF1-40DB-9BF8-8AC60A311BB0}.Debug|Any CPU.Build.0 = Debug|Any CPU
		{EC6C08FF-0BF1-40DB-9BF8-8AC60A311BB0}.Release|Any CPU.ActiveCfg = Release|Any CPU
		{EC6C08FF-0BF1-40DB-9BF8-8AC60A311BB0}.Release|Any CPU.Build.0 = Release|Any CPU
	EndGlobalSection
	GlobalSection(SolutionProperties) = preSolution
		HideSolutionNode = FALSE
	EndGlobalSection
	GlobalSection(ExtensibilityGlobals) = postSolution
		SolutionGuid = {39FECDA2-D9BA-48D7-9466-53725613156E}
	EndGlobalSection
EndGlobal
